
Microsoft Visual Studio Solution File, Format Version 12.00
# Visual Studio Version 16
VisualStudioVersion = 16.0.28729.10
MinimumVisualStudioVersion = 10.0.40219.1
Project("{FAE04EC0-301F-11D3-BF4B-00C04F79EFBC}") = "SeleniumSetup", "SeleniumSetup\SeleniumSetup.csproj", "{8EDF4429-251A-416D-BB68-93F227191BCF}"
EndProject
Project("{FAE04EC0-301F-11D3-BF4B-00C04F79EFBC}") = "Scraper", "Scraper.cs\Scraper.csproj", "{FCBE5DB6-5B25-46E5-9C01-87E50D06FA80}"
EndProject
Project("{FAE04EC0-301F-11D3-BF4B-00C04F79EFBC}") = "StockWebScraperApp", "StockWebScraperApp\StockWebScraperApp.csproj", "{D11937D2-FA18-4018-90B5-324E1DB46A62}"
EndProject
Project("{FAE04EC0-301F-11D3-BF4B-00C04F79EFBC}") = "StockWebScraperApp.Tests", "StockWebScraperApp.Tests\StockWebScraperApp.Tests.csproj", "{233D3CD4-FC77-4156-86C1-FE7955EA9614}"
EndProject
Global
	GlobalSection(SolutionConfigurationPlatforms) = preSolution
		Debug|Any CPU = Debug|Any CPU
		Release|Any CPU = Release|Any CPU
	EndGlobalSection
	GlobalSection(ProjectConfigurationPlatforms) = postSolution
		{8EDF4429-251A-416D-BB68-93F227191BCF}.Debug|Any CPU.ActiveCfg = Debug|Any CPU
		{8EDF4429-251A-416D-BB68-93F227191BCF}.Debug|Any CPU.Build.0 = Debug|Any CPU
		{8EDF4429-251A-416D-BB68-93F227191BCF}.Release|Any CPU.ActiveCfg = Release|Any CPU
		{8EDF4429-251A-416D-BB68-93F227191BCF}.Release|Any CPU.Build.0 = Release|Any CPU
		{FCBE5DB6-5B25-46E5-9C01-87E50D06FA80}.Debug|Any CPU.ActiveCfg = Debug|Any CPU
		{FCBE5DB6-5B25-46E5-9C01-87E50D06FA80}.Debug|Any CPU.Build.0 = Debug|Any CPU
		{FCBE5DB6-5B25-46E5-9C01-87E50D06FA80}.Release|Any CPU.ActiveCfg = Release|Any CPU
		{FCBE5DB6-5B25-46E5-9C01-87E50D06FA80}.Release|Any CPU.Build.0 = Release|Any CPU
		{D11937D2-FA18-4018-90B5-324E1DB46A62}.Debug|Any CPU.ActiveCfg = Debug|Any CPU
		{D11937D2-FA18-4018-90B5-324E1DB46A62}.Debug|Any CPU.Build.0 = Debug|Any CPU
		{D11937D2-FA18-4018-90B5-324E1DB46A62}.Release|Any CPU.ActiveCfg = Release|Any CPU
		{D11937D2-FA18-4018-90B5-324E1DB46A62}.Release|Any CPU.Build.0 = Release|Any CPU
		{233D3CD4-FC77-4156-86C1-FE7955EA9614}.Debug|Any CPU.ActiveCfg = Debug|Any CPU
		{233D3CD4-FC77-4156-86C1-FE7955EA9614}.Debug|Any CPU.Build.0 = Debug|Any CPU
		{233D3CD4-FC77-4156-86C1-FE7955EA9614}.Release|Any CPU.ActiveCfg = Release|Any CPU
		{233D3CD4-FC77-4156-86C1-FE7955EA9614}.Release|Any CPU.Build.0 = Release|Any CPU
	EndGlobalSection
	GlobalSection(SolutionProperties) = preSolution
		HideSolutionNode = FALSE
	EndGlobalSection
	GlobalSection(ExtensibilityGlobals) = postSolution
		SolutionGuid = {C9C5C1D8-4258-4DB3-BB76-1DA6E65B6C0A}
	EndGlobalSection
EndGlobal
